
Microsoft Visual Studio Solution File, Format Version 12.00
# Visual Studio Version 16
VisualStudioVersion = 16.0.33927.289
MinimumVisualStudioVersion = 10.0.40219.1
Project("{FAE04EC0-301F-11D3-BF4B-00C04F79EFBC}") = "ContosoUniversity", "ContosoUniversity.csproj", "{83F137FD-CD9B-4227-8C5E-F223DFA1D114}"
EndProject
Global
	GlobalSection(SolutionConfigurationPlatforms) = preSolution
		Debug|Any CPU = Debug|Any CPU
		Release|Any CPU = Release|Any CPU
	EndGlobalSection
	GlobalSection(ProjectConfigurationPlatforms) = postSolution
		{83F137FD-CD9B-4227-8C5E-F223DFA1D114}.Debug|Any CPU.ActiveCfg = Debug|Any CPU
		{83F137FD-CD9B-4227-8C5E-F223DFA1D114}.Debug|Any CPU.Build.0 = Debug|Any CPU
		{83F137FD-CD9B-4227-8C5E-F223DFA1D114}.Release|Any CPU.ActiveCfg = Release|Any CPU
		{83F137FD-CD9B-4227-8C5E-F223DFA1D114}.Release|Any CPU.Build.0 = Release|Any CPU
	EndGlobalSection
	GlobalSection(SolutionProperties) = preSolution
		HideSolutionNode = FALSE
	EndGlobalSection
	GlobalSection(ExtensibilityGlobals) = postSolution
		SolutionGuid = {A67B24DF-5DA2-4653-8ED3-824DF0F45760}
	EndGlobalSection
EndGlobal
